
Microsoft Visual Studio Solution File, Format Version 12.00
# Visual Studio Version 17
VisualStudioVersion = 17.4.33403.182
MinimumVisualStudioVersion = 10.0.40219.1
Project("{FAE04EC0-301F-11D3-BF4B-00C04F79EFBC}") = "TestConsoleApp", "TestConsoleApp\TestConsoleApp.csproj", "{8FB402FC-5462-4870-A4DC-A49BB3018572}"
EndProject
Global
	GlobalSection(SolutionConfigurationPlatforms) = preSolution
		Debug|Any CPU = Debug|Any CPU
		Release|Any CPU = Release|Any CPU
	EndGlobalSection
	GlobalSection(ProjectConfigurationPlatforms) = postSolution
		{8FB402FC-5462-4870-A4DC-A49BB3018572}.Debug|Any CPU.ActiveCfg = Debug|Any CPU
		{8FB402FC-5462-4870-A4DC-A49BB3018572}.Debug|Any CPU.Build.0 = Debug|Any CPU
		{8FB402FC-5462-4870-A4DC-A49BB3018572}.Release|Any CPU.ActiveCfg = Release|Any CPU
		{8FB402FC-5462-4870-A4DC-A49BB3018572}.Release|Any CPU.Build.0 = Release|Any CPU
	EndGlobalSection
	GlobalSection(SolutionProperties) = preSolution
		HideSolutionNode = FALSE
	EndGlobalSection
	GlobalSection(ExtensibilityGlobals) = postSolution
		SolutionGuid = {D3E3DB89-4B43-4CBF-82AE-E885E9A893FA}
	EndGlobalSection
EndGlobal
